
Microsoft Visual Studio Solution File, Format Version 12.00
# Visual Studio Version 17
VisualStudioVersion = 17.8.34309.116
MinimumVisualStudioVersion = 10.0.40219.1
Project("{FAE04EC0-301F-11D3-BF4B-00C04F79EFBC}") = "Domain", "Domain\Domain.csproj", "{80C4BCDC-5FC6-4685-8AB1-04574A1FF0B5}"
EndProject
Project("{FAE04EC0-301F-11D3-BF4B-00C04F79EFBC}") = "Application", "Aplication\Application.csproj", "{E556687C-9A17-4D84-A4CC-FE2AD078C54E}"
EndProject
Project("{FAE04EC0-301F-11D3-BF4B-00C04F79EFBC}") = "Infrastructure", "Infrastructure\Infrastructure.csproj", "{9DBD0DC7-92BD-4096-B4C8-17683DAE7093}"
EndProject
Project("{FAE04EC0-301F-11D3-BF4B-00C04F79EFBC}") = "Test", "Test\Test.csproj", "{E4D60979-D388-4C35-8054-8BCAB89F81C8}"
EndProject
Project("{FAE04EC0-301F-11D3-BF4B-00C04F79EFBC}") = "API", "API\API.csproj", "{96FDDDEE-6E02-4A60-AA3B-A343150B0935}"
EndProject
Global
	GlobalSection(SolutionConfigurationPlatforms) = preSolution
		Debug|Any CPU = Debug|Any CPU
		Release|Any CPU = Release|Any CPU
	EndGlobalSection
	GlobalSection(ProjectConfigurationPlatforms) = postSolution
		{80C4BCDC-5FC6-4685-8AB1-04574A1FF0B5}.Debug|Any CPU.ActiveCfg = Debug|Any CPU
		{80C4BCDC-5FC6-4685-8AB1-04574A1FF0B5}.Debug|Any CPU.Build.0 = Debug|Any CPU
		{80C4BCDC-5FC6-4685-8AB1-04574A1FF0B5}.Release|Any CPU.ActiveCfg = Release|Any CPU
		{80C4BCDC-5FC6-4685-8AB1-04574A1FF0B5}.Release|Any CPU.Build.0 = Release|Any CPU
		{E556687C-9A17-4D84-A4CC-FE2AD078C54E}.Debug|Any CPU.ActiveCfg = Debug|Any CPU
		{E556687C-9A17-4D84-A4CC-FE2AD078C54E}.Debug|Any CPU.Build.0 = Debug|Any CPU
		{E556687C-9A17-4D84-A4CC-FE2AD078C54E}.Release|Any CPU.ActiveCfg = Release|Any CPU
		{E556687C-9A17-4D84-A4CC-FE2AD078C54E}.Release|Any CPU.Build.0 = Release|Any CPU
		{9DBD0DC7-92BD-4096-B4C8-17683DAE7093}.Debug|Any CPU.ActiveCfg = Debug|Any CPU
		{9DBD0DC7-92BD-4096-B4C8-17683DAE7093}.Debug|Any CPU.Build.0 = Debug|Any CPU
		{9DBD0DC7-92BD-4096-B4C8-17683DAE7093}.Release|Any CPU.ActiveCfg = Release|Any CPU
		{9DBD0DC7-92BD-4096-B4C8-17683DAE7093}.Release|Any CPU.Build.0 = Release|Any CPU
		{E4D60979-D388-4C35-8054-8BCAB89F81C8}.Debug|Any CPU.ActiveCfg = Debug|Any CPU
		{E4D60979-D388-4C35-8054-8BCAB89F81C8}.Debug|Any CPU.Build.0 = Debug|Any CPU
		{E4D60979-D388-4C35-8054-8BCAB89F81C8}.Release|Any CPU.ActiveCfg = Release|Any CPU
		{E4D60979-D388-4C35-8054-8BCAB89F81C8}.Release|Any CPU.Build.0 = Release|Any CPU
		{96FDDDEE-6E02-4A60-AA3B-A343150B0935}.Debug|Any CPU.ActiveCfg = Debug|Any CPU
		{96FDDDEE-6E02-4A60-AA3B-A343150B0935}.Debug|Any CPU.Build.0 = Debug|Any CPU
		{96FDDDEE-6E02-4A60-AA3B-A343150B0935}.Release|Any CPU.ActiveCfg = Release|Any CPU
		{96FDDDEE-6E02-4A60-AA3B-A343150B0935}.Release|Any CPU.Build.0 = Release|Any CPU
	EndGlobalSection
	GlobalSection(SolutionProperties) = preSolution
		HideSolutionNode = FALSE
	EndGlobalSection
	GlobalSection(ExtensibilityGlobals) = postSolution
		SolutionGuid = {10666C5C-CC04-49D3-B7D1-AE77438946B3}
	EndGlobalSection
EndGlobal
